
Microsoft Visual Studio Solution File, Format Version 12.00
# Visual Studio 14
VisualStudioVersion = 14.0.25420.1
MinimumVisualStudioVersion = 10.0.40219.1
Project("{8BC9CEB8-8B4A-11D0-8D11-00A0C91BC942}") = "C_8", "C_8\C_8.vcxproj", "{D8A2B556-F235-4DB7-BEB0-ADBB7CF3A369}"
EndProject
Project("{8BC9CEB8-8B4A-11D0-8D11-00A0C91BC942}") = "C_7", "C_7\C_7.vcxproj", "{9F854610-3FA8-44FC-9D87-AF1A0F0B48D7}"
EndProject
Project("{8BC9CEB8-8B4A-11D0-8D11-00A0C91BC942}") = "C_5", "C_5\C_5.vcxproj", "{AEA02155-5A84-4E2F-B7BE-13821699D010}"
EndProject
Project("{8BC9CEB8-8B4A-11D0-8D11-00A0C91BC942}") = "C_6", "C_6\C_6.vcxproj", "{1DE57028-A6B1-4D38-A633-0A3B9905636B}"
EndProject
Project("{8BC9CEB8-8B4A-11D0-8D11-00A0C91BC942}") = "C_4", "C_4\C_4.vcxproj", "{A9280651-ADFB-4C9A-A69F-B0A69779D775}"
EndProject
Project("{8BC9CEB8-8B4A-11D0-8D11-00A0C91BC942}") = "C_3", "C_3\C_3.vcxproj", "{38F6A64D-E310-43DD-B3C6-87D06480855F}"
EndProject
Project("{8BC9CEB8-8B4A-11D0-8D11-00A0C91BC942}") = "C_2", "C_2\C_2.vcxproj", "{9A308835-369C-42BD-A4A5-4926A009EFB0}"
EndProject
Project("{8BC9CEB8-8B4A-11D0-8D11-00A0C91BC942}") = "C_1", "C_1\C_1.vcxproj", "{9849D456-7F3E-4C8B-AF75-B2CFEFA39D6F}"
EndProject
Project("{8BC9CEB8-8B4A-11D0-8D11-00A0C91BC942}") = "C_9", "C_9\C_9.vcxproj", "{FD94613D-353E-4721-90CF-829562CFC5ED}"
EndProject
Project("{8BC9CEB8-8B4A-11D0-8D11-00A0C91BC942}") = "C_10", "C_10\C_10.vcxproj", "{DE7C7FFC-4041-4828-A365-8C1ABA5D2F25}"
EndProject
Project("{8BC9CEB8-8B4A-11D0-8D11-00A0C91BC942}") = "C_11", "C_11\C_11.vcxproj", "{6ADE0079-9E1B-49EC-89DA-1458AF6D60A2}"
EndProject
Project("{8BC9CEB8-8B4A-11D0-8D11-00A0C91BC942}") = "C_12", "C_12\C_12.vcxproj", "{468F3ADF-5BE7-4D4E-B325-F1FC582419DC}"
EndProject
Project("{8BC9CEB8-8B4A-11D0-8D11-00A0C91BC942}") = "C_13", "C_13\C_13.vcxproj", "{CF186B32-F5B6-4110-8582-EDF1826F7188}"
EndProject
Global
	GlobalSection(SolutionConfigurationPlatforms) = preSolution
		Debug|Any CPU = Debug|Any CPU
		Debug|x64 = Debug|x64
		Debug|x86 = Debug|x86
		Release|Any CPU = Release|Any CPU
		Release|x64 = Release|x64
		Release|x86 = Release|x86
	EndGlobalSection
	GlobalSection(ProjectConfigurationPlatforms) = postSolution
		{D8A2B556-F235-4DB7-BEB0-ADBB7CF3A369}.Debug|Any CPU.ActiveCfg = Debug|Win32
		{D8A2B556-F235-4DB7-BEB0-ADBB7CF3A369}.Debug|x64.ActiveCfg = Debug|x64
		{D8A2B556-F235-4DB7-BEB0-ADBB7CF3A369}.Debug|x64.Build.0 = Debug|x64
		{D8A2B556-F235-4DB7-BEB0-ADBB7CF3A369}.Debug|x86.ActiveCfg = Debug|Win32
		{D8A2B556-F235-4DB7-BEB0-ADBB7CF3A369}.Debug|x86.Build.0 = Debug|Win32
		{D8A2B556-F235-4DB7-BEB0-ADBB7CF3A369}.Release|Any CPU.ActiveCfg = Release|Win32
		{D8A2B556-F235-4DB7-BEB0-ADBB7CF3A369}.Release|x64.ActiveCfg = Release|x64
		{D8A2B556-F235-4DB7-BEB0-ADBB7CF3A369}.Release|x64.Build.0 = Release|x64
		{D8A2B556-F235-4DB7-BEB0-ADBB7CF3A369}.Release|x86.ActiveCfg = Release|Win32
		{D8A2B556-F235-4DB7-BEB0-ADBB7CF3A369}.Release|x86.Build.0 = Release|Win32
		{9F854610-3FA8-44FC-9D87-AF1A0F0B48D7}.Debug|Any CPU.ActiveCfg = Debug|Win32
		{9F854610-3FA8-44FC-9D87-AF1A0F0B48D7}.Debug|x64.ActiveCfg = Debug|x64
		{9F854610-3FA8-44FC-9D87-AF1A0F0B48D7}.Debug|x64.Build.0 = Debug|x64
		{9F854610-3FA8-44FC-9D87-AF1A0F0B48D7}.Debug|x86.ActiveCfg = Debug|Win32
		{9F854610-3FA8-44FC-9D87-AF1A0F0B48D7}.Debug|x86.Build.0 = Debug|Win32
		{9F854610-3FA8-44FC-9D87-AF1A0F0B48D7}.Release|Any CPU.ActiveCfg = Release|Win32
		{9F854610-3FA8-44FC-9D87-AF1A0F0B48D7}.Release|x64.ActiveCfg = Release|x64
		{9F854610-3FA8-44FC-9D87-AF1A0F0B48D7}.Release|x64.Build.0 = Release|x64
		{9F854610-3FA8-44FC-9D87-AF1A0F0B48D7}.Release|x86.ActiveCfg = Release|Win32
		{9F854610-3FA8-44FC-9D87-AF1A0F0B48D7}.Release|x86.Build.0 = Release|Win32
		{AEA02155-5A84-4E2F-B7BE-13821699D010}.Debug|Any CPU.ActiveCfg = Debug|Win32
		{AEA02155-5A84-4E2F-B7BE-13821699D010}.Debug|x64.ActiveCfg = Debug|x64
		{AEA02155-5A84-4E2F-B7BE-13821699D010}.Debug|x64.Build.0 = Debug|x64
		{AEA02155-5A84-4E2F-B7BE-13821699D010}.Debug|x86.ActiveCfg = Debug|Win32
		{AEA02155-5A84-4E2F-B7BE-13821699D010}.Debug|x86.Build.0 = Debug|Win32
		{AEA02155-5A84-4E2F-B7BE-13821699D010}.Release|Any CPU.ActiveCfg = Release|Win32
		{AEA02155-5A84-4E2F-B7BE-13821699D010}.Release|x64.ActiveCfg = Release|x64
		{AEA02155-5A84-4E2F-B7BE-13821699D010}.Release|x64.Build.0 = Release|x64
		{AEA02155-5A84-4E2F-B7BE-13821699D010}.Release|x86.ActiveCfg = Release|Win32
		{AEA02155-5A84-4E2F-B7BE-13821699D010}.Release|x86.Build.0 = Release|Win32
		{1DE57028-A6B1-4D38-A633-0A3B9905636B}.Debug|Any CPU.ActiveCfg = Debug|Win32
		{1DE57028-A6B1-4D38-A633-0A3B9905636B}.Debug|x64.ActiveCfg = Debug|x64
		{1DE57028-A6B1-4D38-A633-0A3B9905636B}.Debug|x64.Build.0 = Debug|x64
		{1DE57028-A6B1-4D38-A633-0A3B9905636B}.Debug|x86.ActiveCfg = Debug|Win32
		{1DE57028-A6B1-4D38-A633-0A3B9905636B}.Debug|x86.Build.0 = Debug|Win32
		{1DE57028-A6B1-4D38-A633-0A3B9905636B}.Release|Any CPU.ActiveCfg = Release|Win32
		{1DE57028-A6B1-4D38-A633-0A3B9905636B}.Release|x64.ActiveCfg = Release|x64
		{1DE57028-A6B1-4D38-A633-0A3B9905636B}.Release|x64.Build.0 = Release|x64
		{1DE57028-A6B1-4D38-A633-0A3B9905636B}.Release|x86.ActiveCfg = Release|Win32
		{1DE57028-A6B1-4D38-A633-0A3B9905636B}.Release|x86.Build.0 = Release|Win32
		{A9280651-ADFB-4C9A-A69F-B0A69779D775}.Debug|Any CPU.ActiveCfg = Debug|Win32
		{A9280651-ADFB-4C9A-A69F-B0A69779D775}.Debug|x64.ActiveCfg = Debug|x64
		{A9280651-ADFB-4C9A-A69F-B0A69779D775}.Debug|x64.Build.0 = Debug|x64
		{A9280651-ADFB-4C9A-A69F-B0A69779D775}.Debug|x86.ActiveCfg = Debug|Win32
		{A9280651-ADFB-4C9A-A69F-B0A69779D775}.Debug|x86.Build.0 = Debug|Win32
		{A9280651-ADFB-4C9A-A69F-B0A69779D775}.Release|Any CPU.ActiveCfg = Release|Win32
		{A9280651-ADFB-4C9A-A69F-B0A69779D775}.Release|x64.ActiveCfg = Release|x64
		{A9280651-ADFB-4C9A-A69F-B0A69779D775}.Release|x64.Build.0 = Release|x64
		{A9280651-ADFB-4C9A-A69F-B0A69779D775}.Release|x86.ActiveCfg = Release|Win32
		{A9280651-ADFB-4C9A-A69F-B0A69779D775}.Release|x86.Build.0 = Release|Win32
		{38F6A64D-E310-43DD-B3C6-87D06480855F}.Debug|Any CPU.ActiveCfg = Debug|Win32
		{38F6A64D-E310-43DD-B3C6-87D06480855F}.Debug|x64.ActiveCfg = Debug|x64
		{38F6A64D-E310-43DD-B3C6-87D06480855F}.Debug|x64.Build.0 = Debug|x64
		{38F6A64D-E310-43DD-B3C6-87D06480855F}.Debug|x86.ActiveCfg = Debug|Win32
		{38F6A64D-E310-43DD-B3C6-87D06480855F}.Debug|x86.Build.0 = Debug|Win32
		{38F6A64D-E310-43DD-B3C6-87D06480855F}.Release|Any CPU.ActiveCfg = Release|Win32
		{38F6A64D-E310-43DD-B3C6-87D06480855F}.Release|x64.ActiveCfg = Release|x64
		{38F6A64D-E310-43DD-B3C6-87D06480855F}.Release|x64.Build.0 = Release|x64
		{38F6A64D-E310-43DD-B3C6-87D06480855F}.Release|x86.ActiveCfg = Release|Win32
		{38F6A64D-E310-43DD-B3C6-87D06480855F}.Release|x86.Build.0 = Release|Win32
		{9A308835-369C-42BD-A4A5-4926A009EFB0}.Debug|Any CPU.ActiveCfg = Debug|Win32
		{9A308835-369C-42BD-A4A5-4926A009EFB0}.Debug|x64.ActiveCfg = Debug|x64
		{9A308835-369C-42BD-A4A5-4926A009EFB0}.Debug|x64.Build.0 = Debug|x64
		{9A308835-369C-42BD-A4A5-4926A009EFB0}.Debug|x86.ActiveCfg = Debug|Win32
		{9A308835-369C-42BD-A4A5-4926A009EFB0}.Debug|x86.Build.0 = Debug|Win32
		{9A308835-369C-42BD-A4A5-4926A009EFB0}.Release|Any CPU.ActiveCfg = Release|Win32
		{9A308835-369C-42BD-A4A5-4926A009EFB0}.Release|x64.ActiveCfg = Release|x64
		{9A308835-369C-42BD-A4A5-4926A009EFB0}.Release|x64.Build.0 = Release|x64
		{9A308835-369C-42BD-A4A5-4926A009EFB0}.Release|x86.ActiveCfg = Release|Win32
		{9A308835-369C-42BD-A4A5-4926A009EFB0}.Release|x86.Build.0 = Release|Win32
		{9849D456-7F3E-4C8B-AF75-B2CFEFA39D6F}.Debug|Any CPU.ActiveCfg = Debug|Win32
		{9849D456-7F3E-4C8B-AF75-B2CFEFA39D6F}.Debug|x64.ActiveCfg = Debug|x64
		{9849D456-7F3E-4C8B-AF75-B2CFEFA39D6F}.Debug|x64.Build.0 = Debug|x64
		{9849D456-7F3E-4C8B-AF75-B2CFEFA39D6F}.Debug|x86.ActiveCfg = Debug|Win32
		{9849D456-7F3E-4C8B-AF75-B2CFEFA39D6F}.Debug|x86.Build.0 = Debug|Win32
		{9849D456-7F3E-4C8B-AF75-B2CFEFA39D6F}.Release|Any CPU.ActiveCfg = Release|Win32
		{9849D456-7F3E-4C8B-AF75-B2CFEFA39D6F}.Release|x64.ActiveCfg = Release|x64
		{9849D456-7F3E-4C8B-AF75-B2CFEFA39D6F}.Release|x64.Build.0 = Release|x64
		{9849D456-7F3E-4C8B-AF75-B2CFEFA39D6F}.Release|x86.ActiveCfg = Release|Win32
		{9849D456-7F3E-4C8B-AF75-B2CFEFA39D6F}.Release|x86.Build.0 = Release|Win32
		{FD94613D-353E-4721-90CF-829562CFC5ED}.Debug|Any CPU.ActiveCfg = Debug|Win32
		{FD94613D-353E-4721-90CF-829562CFC5ED}.Debug|x64.ActiveCfg = Debug|x64
		{FD94613D-353E-4721-90CF-829562CFC5ED}.Debug|x64.Build.0 = Debug|x64
		{FD94613D-353E-4721-90CF-829562CFC5ED}.Debug|x86.ActiveCfg = Debug|Win32
		{FD94613D-353E-4721-90CF-829562CFC5ED}.Debug|x86.Build.0 = Debug|Win32
		{FD94613D-353E-4721-90CF-829562CFC5ED}.Release|Any CPU.ActiveCfg = Release|Win32
		{FD94613D-353E-4721-90CF-829562CFC5ED}.Release|x64.ActiveCfg = Release|x64
		{FD94613D-353E-4721-90CF-829562CFC5ED}.Release|x64.Build.0 = Release|x64
		{FD94613D-353E-4721-90CF-829562CFC5ED}.Release|x86.ActiveCfg = Release|Win32
		{FD94613D-353E-4721-90CF-829562CFC5ED}.Release|x86.Build.0 = Release|Win32
		{DE7C7FFC-4041-4828-A365-8C1ABA5D2F25}.Debug|Any CPU.ActiveCfg = Debug|Win32
		{DE7C7FFC-4041-4828-A365-8C1ABA5D2F25}.Debug|x64.ActiveCfg = Debug|x64
		{DE7C7FFC-4041-4828-A365-8C1ABA5D2F25}.Debug|x64.Build.0 = Debug|x64
		{DE7C7FFC-4041-4828-A365-8C1ABA5D2F25}.Debug|x86.ActiveCfg = Debug|Win32
		{DE7C7FFC-4041-4828-A365-8C1ABA5D2F25}.Debug|x86.Build.0 = Debug|Win32
		{DE7C7FFC-4041-4828-A365-8C1ABA5D2F25}.Release|Any CPU.ActiveCfg = Release|Win32
		{DE7C7FFC-4041-4828-A365-8C1ABA5D2F25}.Release|x64.ActiveCfg = Release|x64
		{DE7C7FFC-4041-4828-A365-8C1ABA5D2F25}.Release|x64.Build.0 = Release|x64
		{DE7C7FFC-4041-4828-A365-8C1ABA5D2F25}.Release|x86.ActiveCfg = Release|Win32
		{DE7C7FFC-4041-4828-A365-8C1ABA5D2F25}.Release|x86.Build.0 = Release|Win32
		{6ADE0079-9E1B-49EC-89DA-1458AF6D60A2}.Debug|Any CPU.ActiveCfg = Debug|Win32
		{6ADE0079-9E1B-49EC-89DA-1458AF6D60A2}.Debug|x64.ActiveCfg = Debug|x64
		{6ADE0079-9E1B-49EC-89DA-1458AF6D60A2}.Debug|x64.Build.0 = Debug|x64
		{6ADE0079-9E1B-49EC-89DA-1458AF6D60A2}.Debug|x86.ActiveCfg = Debug|Win32
		{6ADE0079-9E1B-49EC-89DA-1458AF6D60A2}.Debug|x86.Build.0 = Debug|Win32
		{6ADE0079-9E1B-49EC-89DA-1458AF6D60A2}.Release|Any CPU.ActiveCfg = Release|Win32
		{6ADE0079-9E1B-49EC-89DA-1458AF6D60A2}.Release|x64.ActiveCfg = Release|x64
		{6ADE0079-9E1B-49EC-89DA-1458AF6D60A2}.Release|x64.Build.0 = Release|x64
		{6ADE0079-9E1B-49EC-89DA-1458AF6D60A2}.Release|x86.ActiveCfg = Release|Win32
		{6ADE0079-9E1B-49EC-89DA-1458AF6D60A2}.Release|x86.Build.0 = Release|Win32
		{468F3ADF-5BE7-4D4E-B325-F1FC582419DC}.Debug|Any CPU.ActiveCfg = Debug|Win32
		{468F3ADF-5BE7-4D4E-B325-F1FC582419DC}.Debug|x64.ActiveCfg = Debug|x64
		{468F3ADF-5BE7-4D4E-B325-F1FC582419DC}.Debug|x64.Build.0 = Debug|x64
		{468F3ADF-5BE7-4D4E-B325-F1FC582419DC}.Debug|x86.ActiveCfg = Debug|Win32
		{468F3ADF-5BE7-4D4E-B325-F1FC582419DC}.Debug|x86.Build.0 = Debug|Win32
		{468F3ADF-5BE7-4D4E-B325-F1FC582419DC}.Release|Any CPU.ActiveCfg = Release|Win32
		{468F3ADF-5BE7-4D4E-B325-F1FC582419DC}.Release|x64.ActiveCfg = Release|x64
		{468F3ADF-5BE7-4D4E-B325-F1FC582419DC}.Release|x64.Build.0 = Release|x64
		{468F3ADF-5BE7-4D4E-B325-F1FC582419DC}.Release|x86.ActiveCfg = Release|Win32
		{468F3ADF-5BE7-4D4E-B325-F1FC582419DC}.Release|x86.Build.0 = Release|Win32
		{CF186B32-F5B6-4110-8582-EDF1826F7188}.Debug|Any CPU.ActiveCfg = Debug|Win32
		{CF186B32-F5B6-4110-8582-EDF1826F7188}.Debug|x64.ActiveCfg = Debug|x64
		{CF186B32-F5B6-4110-8582-EDF1826F7188}.Debug|x64.Build.0 = Debug|x64
		{CF186B32-F5B6-4110-8582-EDF1826F7188}.Debug|x86.ActiveCfg = Debug|Win32
		{CF186B32-F5B6-4110-8582-EDF1826F7188}.Debug|x86.Build.0 = Debug|Win32
		{CF186B32-F5B6-4110-8582-EDF1826F7188}.Release|Any CPU.ActiveCfg = Release|Win32
		{CF186B32-F5B6-4110-8582-EDF1826F7188}.Release|x64.ActiveCfg = Release|x64
		{CF186B32-F5B6-4110-8582-EDF1826F7188}.Release|x64.Build.0 = Release|x64
		{CF186B32-F5B6-4110-8582-EDF1826F7188}.Release|x86.ActiveCfg = Release|Win32
		{CF186B32-F5B6-4110-8582-EDF1826F7188}.Release|x86.Build.0 = Release|Win32
	EndGlobalSection
	GlobalSection(SolutionProperties) = preSolution
		HideSolutionNode = FALSE
	EndGlobalSection
EndGlobal
